
Microsoft Visual Studio Solution File, Format Version 12.00
# Visual Studio Version 16
VisualStudioVersion = 16.0.30804.86
MinimumVisualStudioVersion = 10.0.40219.1
Project("{FAE04EC0-301F-11D3-BF4B-00C04F79EFBC}") = "ParkingLot", "ParkingLot\ParkingLot.csproj", "{BF99A3A6-42CC-4F91-837D-BCF6C2C09F8E}"
EndProject
Global
	GlobalSection(SolutionConfigurationPlatforms) = preSolution
		Debug|Any CPU = Debug|Any CPU
		Release|Any CPU = Release|Any CPU
	EndGlobalSection
	GlobalSection(ProjectConfigurationPlatforms) = postSolution
		{BF99A3A6-42CC-4F91-837D-BCF6C2C09F8E}.Debug|Any CPU.ActiveCfg = Debug|Any CPU
		{BF99A3A6-42CC-4F91-837D-BCF6C2C09F8E}.Debug|Any CPU.Build.0 = Debug|Any CPU
		{BF99A3A6-42CC-4F91-837D-BCF6C2C09F8E}.Release|Any CPU.ActiveCfg = Release|Any CPU
		{BF99A3A6-42CC-4F91-837D-BCF6C2C09F8E}.Release|Any CPU.Build.0 = Release|Any CPU
	EndGlobalSection
	GlobalSection(SolutionProperties) = preSolution
		HideSolutionNode = FALSE
	EndGlobalSection
	GlobalSection(ExtensibilityGlobals) = postSolution
		SolutionGuid = {D933B9BD-9B9C-4766-82A4-CB47384F8312}
	EndGlobalSection
EndGlobal
